github.com/murphyschaff/go-cli v0.0.0-20250104235047-9718541dab6b h1:yYvx8jITZD8QrVAWOrXsXX2Gif5HGjTiIUyYSzCju1M=
github.com/murphyschaff/go-cli v0.0.0-20250104235047-9718541dab6b/go.mod h1:PrtgrbwORFHldYE+8htdDq+gsJ2TDeAUxIvXp48ZZIw=
github.com/murphyschaff/go-cli v0.0.0-20250105000540-449626b4fd24 h1:hZGhhjaF+SZL/Tb/vtHHiBLiViYZwu/2uC5BMGQc0oQ=
github.com/murphyschaff/go-cli v0.0.0-20250105000540-449626b4fd24/go.mod h1:PrtgrbwORFHldYE+8htdDq+gsJ2TDeAUxIvXp48ZZIw=
github.com/murphyschaff/go-cli v0.0.0-20250105042540-6efaa4d0862e h1:i68vb8Z4bMwWjC3Rpz88/V0yQxPXm328N8mae0Y5zOc=
github.com/murphyschaff/go-cli v0.0.0-20250105042540-6efaa4d0862e/go.mod h1:PrtgrbwORFHldYE+8htdDq+gsJ2TDeAUxIvXp48ZZIw=
