github.com/murphyschaff/go-cli v0.0.0-20250105235802-115c356a7921 h1:YYDzCqbH6Gmj9XT52gTA0ZAtTLc5BaK25+nQxk0LUMM=
github.com/murphyschaff/go-cli v0.0.0-20250105235802-115c356a7921/go.mod h1:PrtgrbwORFHldYE+8htdDq+gsJ2TDeAUxIvXp48ZZIw=
github.com/murphyschaff/go-cli v0.0.0-20250106000204-2c8c4d773b20 h1:3VcteqpjPrZsA4+dVJwe6oNX7osOZfTgCPlcmKHYVgE=
github.com/murphyschaff/go-cli v0.0.0-20250106000204-2c8c4d773b20/go.mod h1:PrtgrbwORFHldYE+8htdDq+gsJ2TDeAUxIvXp48ZZIw=
